
Microsoft Visual Studio Solution File, Format Version 12.00
# Visual Studio Version 16
VisualStudioVersion = 16.0.30523.141
MinimumVisualStudioVersion = 10.0.40219.1
Project("{FAE04EC0-301F-11D3-BF4B-00C04F79EFBC}") = "MagicalGrocery", "MagicalGrocery\MagicalGrocery.csproj", "{4DE0FCEB-16CD-4E43-896C-98BFD00EF7BC}"
EndProject
Project("{FAE04EC0-301F-11D3-BF4B-00C04F79EFBC}") = "BE", "BE\BE.csproj", "{2E78942D-CD6A-4FB4-BC76-CE16F1F29C2C}"
EndProject
Project("{FAE04EC0-301F-11D3-BF4B-00C04F79EFBC}") = "DAL", "DAL\DAL.csproj", "{478EF262-EDAD-49C6-9EA1-5270895C7EDD}"
EndProject
Project("{FAE04EC0-301F-11D3-BF4B-00C04F79EFBC}") = "BLL", "BLL\BLL.csproj", "{287C349F-03AC-47DD-8273-7E13D65F7C06}"
EndProject
Global
	GlobalSection(SolutionConfigurationPlatforms) = preSolution
		Debug|Any CPU = Debug|Any CPU
		Release|Any CPU = Release|Any CPU
	EndGlobalSection
	GlobalSection(ProjectConfigurationPlatforms) = postSolution
		{4DE0FCEB-16CD-4E43-896C-98BFD00EF7BC}.Debug|Any CPU.ActiveCfg = Debug|Any CPU
		{4DE0FCEB-16CD-4E43-896C-98BFD00EF7BC}.Debug|Any CPU.Build.0 = Debug|Any CPU
		{4DE0FCEB-16CD-4E43-896C-98BFD00EF7BC}.Release|Any CPU.ActiveCfg = Release|Any CPU
		{4DE0FCEB-16CD-4E43-896C-98BFD00EF7BC}.Release|Any CPU.Build.0 = Release|Any CPU
		{2E78942D-CD6A-4FB4-BC76-CE16F1F29C2C}.Debug|Any CPU.ActiveCfg = Debug|Any CPU
		{2E78942D-CD6A-4FB4-BC76-CE16F1F29C2C}.Debug|Any CPU.Build.0 = Debug|Any CPU
		{2E78942D-CD6A-4FB4-BC76-CE16F1F29C2C}.Release|Any CPU.ActiveCfg = Release|Any CPU
		{2E78942D-CD6A-4FB4-BC76-CE16F1F29C2C}.Release|Any CPU.Build.0 = Release|Any CPU
		{478EF262-EDAD-49C6-9EA1-5270895C7EDD}.Debug|Any CPU.ActiveCfg = Debug|Any CPU
		{478EF262-EDAD-49C6-9EA1-5270895C7EDD}.Debug|Any CPU.Build.0 = Debug|Any CPU
		{478EF262-EDAD-49C6-9EA1-5270895C7EDD}.Release|Any CPU.ActiveCfg = Release|Any CPU
		{478EF262-EDAD-49C6-9EA1-5270895C7EDD}.Release|Any CPU.Build.0 = Release|Any CPU
		{287C349F-03AC-47DD-8273-7E13D65F7C06}.Debug|Any CPU.ActiveCfg = Debug|Any CPU
		{287C349F-03AC-47DD-8273-7E13D65F7C06}.Debug|Any CPU.Build.0 = Debug|Any CPU
		{287C349F-03AC-47DD-8273-7E13D65F7C06}.Release|Any CPU.ActiveCfg = Release|Any CPU
		{287C349F-03AC-47DD-8273-7E13D65F7C06}.Release|Any CPU.Build.0 = Release|Any CPU
	EndGlobalSection
	GlobalSection(SolutionProperties) = preSolution
		HideSolutionNode = FALSE
	EndGlobalSection
	GlobalSection(ExtensibilityGlobals) = postSolution
		SolutionGuid = {00E37632-7FFB-4624-9351-A90A50EFDB3D}
	EndGlobalSection
EndGlobal
